PODS:
  - FontAwesomeKit.Swift (1.0.1)

DEPENDENCIES:
  - FontAwesomeKit.Swift (from `../`)

EXTERNAL SOURCES:
  FontAwesomeKit.Swift:
    :path: "../"

SPEC CHECKSUMS:
  FontAwesomeKit.Swift: c6485be1a70f362701fcfe61da7c9aed650d9dec

PODFILE CHECKSUM: 12adc829a8156d0a2864c909c1ce67df808bbb41

COCOAPODS: 1.6.1
